
Microsoft Visual Studio Solution File, Format Version 12.00
Project("{FAE04EC0-301F-11D3-BF4B-00C04F79EFBC}") = "KScript", "src\KScript.csproj", "{DADFF9E6-498D-47FD-8034-B750E287C61E}"
EndProject
Global
	GlobalSection(SolutionConfigurationPlatforms) = preSolution
		Debug|Any CPU = Debug|Any CPU
		Release|Any CPU = Release|Any CPU
	EndGlobalSection
	GlobalSection(ProjectConfigurationPlatforms) = postSolution
		{DADFF9E6-498D-47FD-8034-B750E287C61E}.Debug|Any CPU.ActiveCfg = Debug|Any CPU
		{DADFF9E6-498D-47FD-8034-B750E287C61E}.Debug|Any CPU.Build.0 = Debug|Any CPU
		{DADFF9E6-498D-47FD-8034-B750E287C61E}.Release|Any CPU.ActiveCfg = Release|Any CPU
		{DADFF9E6-498D-47FD-8034-B750E287C61E}.Release|Any CPU.Build.0 = Release|Any CPU
	EndGlobalSection
EndGlobal
